
Microsoft Visual Studio Solution File, Format Version 12.00
# Visual Studio 15
VisualStudioVersion = 15.0.28307.539
MinimumVisualStudioVersion = 10.0.40219.1
Project("{FAE04EC0-301F-11D3-BF4B-00C04F79EFBC}") = "BgInfoEditor", "BgInfoEditor.csproj", "{AFE28478-3E6C-4D9A-B7C3-E761DEC178F7}"
EndProject
Global
	GlobalSection(SolutionConfigurationPlatforms) = preSolution
		Debug|Any CPU = Debug|Any CPU
		Release|Any CPU = Release|Any CPU
	EndGlobalSection
	GlobalSection(ProjectConfigurationPlatforms) = postSolution
		{AFE28478-3E6C-4D9A-B7C3-E761DEC178F7}.Debug|Any CPU.ActiveCfg = Debug|Any CPU
		{AFE28478-3E6C-4D9A-B7C3-E761DEC178F7}.Debug|Any CPU.Build.0 = Debug|Any CPU
		{AFE28478-3E6C-4D9A-B7C3-E761DEC178F7}.Release|Any CPU.ActiveCfg = Release|Any CPU
		{AFE28478-3E6C-4D9A-B7C3-E761DEC178F7}.Release|Any CPU.Build.0 = Release|Any CPU
	EndGlobalSection
	GlobalSection(SolutionProperties) = preSolution
		HideSolutionNode = FALSE
	EndGlobalSection
	GlobalSection(ExtensibilityGlobals) = postSolution
		SolutionGuid = {4F2B92DF-4D67-48EA-A965-ECBB96673B32}
	EndGlobalSection
EndGlobal
