
Microsoft Visual Studio Solution File, Format Version 12.00
Project("{FAE04EC0-301F-11D3-BF4B-00C04F79EFBC}") = "FAQ Sheet converter", "FAQ Sheet converter.csproj", "{1AED01E7-8644-4AB0-B108-B11C2EB3E0B2}"
EndProject
Global
	GlobalSection(SolutionConfigurationPlatforms) = preSolution
		Debug|Any CPU = Debug|Any CPU
		Release|Any CPU = Release|Any CPU
	EndGlobalSection
	GlobalSection(ProjectConfigurationPlatforms) = postSolution
		{1AED01E7-8644-4AB0-B108-B11C2EB3E0B2}.Debug|Any CPU.ActiveCfg = Debug|Any CPU
		{1AED01E7-8644-4AB0-B108-B11C2EB3E0B2}.Debug|Any CPU.Build.0 = Debug|Any CPU
		{1AED01E7-8644-4AB0-B108-B11C2EB3E0B2}.Release|Any CPU.ActiveCfg = Release|Any CPU
		{1AED01E7-8644-4AB0-B108-B11C2EB3E0B2}.Release|Any CPU.Build.0 = Release|Any CPU
	EndGlobalSection
EndGlobal
